<?xml version="1.0" encoding="utf-8"?>
<Project ToolsVersion="4.0" xmlns="http://schemas.microsoft.com/developer/msbuild/2003">
  <ItemGroup>
    <Filter Include="源文件">
      <UniqueIdentifier>{4FC737F1-C7A5-4376-A066-2A32D752A2FF}</UniqueIdentifier>
      <Extensions>cpp;c;cc;cxx;def;odl;idl;hpj;bat;asm;asmx</Extensions>
    </Filter>
    <Filter Include="头文件">
      <UniqueIdentifier>{93995380-89BD-4b04-88EB-625FBE52EBFB}</UniqueIdentifier>
      <Extensions>h;hpp;hxx;hm;inl;inc;xsd</Extensions>
    </Filter>
    <Filter Include="资源文件">
      <UniqueIdentifier>{67DA6AB6-F800-4c08-8B7A-83BB121AAD01}</UniqueIdentifier>
      <Extensions>rc;ico;cur;bmp;dlg;rc2;rct;bin;rgs;gif;jpg;jpeg;jpe;resx;tiff;tif;png;wav</Extensions>
    </Filter>
    <Filter Include="不常用">
      <UniqueIdentifier>{66bbfe7e-59f6-41ec-9c3d-a089463e0436}</UniqueIdentifier>
    </Filter>
  </ItemGroup>
  <ItemGroup>
    <ClCompile Include="ClientGameDlg.cpp">
      <Filter>源文件</Filter>
    </ClCompile>
    <ClCompile Include="ClientView.cpp">
      <Filter>源文件</Filter>
    </ClCompile>
    <ClCompile Include="GameCard.cpp">
      <Filter>源文件</Filter>
    </ClCompile>
    <ClCompile Include="GameClient.cpp">
      <Filter>源文件</Filter>
    </ClCompile>
    <ClCompile Include="GameSet.cpp">
      <Filter>源文件</Filter>
    </ClCompile>
    <ClCompile Include="HaveThing.cpp">
      <Filter>源文件</Filter>
    </ClCompile>
    <ClCompile Include="LeaveMessage.cpp">
      <Filter>源文件</Filter>
    </ClCompile>
    <ClCompile Include="lookinfo.cpp">
      <Filter>源文件</Filter>
    </ClCompile>
    <ClCompile Include="Result.cpp">
      <Filter>源文件</Filter>
    </ClCompile>
    <ClCompile Include="ShowAIInfo.cpp">
      <Filter>源文件</Filter>
    </ClCompile>
    <ClCompile Include="stdafx.cpp">
      <Filter>源文件</Filter>
    </ClCompile>
    <ClCompile Include="SuperGM.cpp">
      <Filter>源文件</Filter>
    </ClCompile>
    <ClCompile Include="SuperSettingDlg.cpp">
      <Filter>源文件</Filter>
    </ClCompile>
    <ClCompile Include="..\GameMessage\UpGradeLogic.cpp">
      <Filter>源文件</Filter>
    </ClCompile>
    <ClCompile Include="playcardsound.cpp">
      <Filter>不常用</Filter>
    </ClCompile>
    <ClCompile Include="TransparentButton.cpp">
      <Filter>不常用</Filter>
    </ClCompile>
    <ClCompile Include="TransparentStatic.cpp">
      <Filter>不常用</Filter>
    </ClCompile>
  </ItemGroup>
  <ItemGroup>
    <None Include="GameClient.def">
      <Filter>源文件</Filter>
    </None>
    <None Include="res\chouma.cur">
      <Filter>资源文件</Filter>
    </None>
    <None Include="res\chouma.ico">
      <Filter>资源文件</Filter>
    </None>
    <None Include="res\CLIENT_LIST.ico">
      <Filter>资源文件</Filter>
    </None>
    <None Include="res\CLIENT_ROOM.ico">
      <Filter>资源文件</Filter>
    </None>
    <None Include="res\cursor1.cur">
      <Filter>资源文件</Filter>
    </None>
    <None Include="res\GameClient.rc2">
      <Filter>资源文件</Filter>
    </None>
    <None Include="res\icon3.ico">
      <Filter>资源文件</Filter>
    </None>
    <None Include="ReadMe.txt" />
  </ItemGroup>
  <ItemGroup>
    <ClInclude Include="BZSound.h">
      <Filter>头文件</Filter>
    </ClInclude>
    <ClInclude Include="ClientGameDlg.h">
      <Filter>头文件</Filter>
    </ClInclude>
    <ClInclude Include="ClientView.h">
      <Filter>头文件</Filter>
    </ClInclude>
    <ClInclude Include="GameCard.h">
      <Filter>头文件</Filter>
    </ClInclude>
    <ClInclude Include="GameSet.h">
      <Filter>头文件</Filter>
    </ClInclude>
    <ClInclude Include="HaveThing.h">
      <Filter>头文件</Filter>
    </ClInclude>
    <ClInclude Include="LeaveMessage.h">
      <Filter>头文件</Filter>
    </ClInclude>
    <ClInclude Include="lookinfo.h">
      <Filter>头文件</Filter>
    </ClInclude>
    <ClInclude Include="Resource.h">
      <Filter>头文件</Filter>
    </ClInclude>
    <ClInclude Include="Result.h">
      <Filter>头文件</Filter>
    </ClInclude>
    <ClInclude Include="ShowAIInfo.h">
      <Filter>头文件</Filter>
    </ClInclude>
    <ClInclude Include="stdafx.h">
      <Filter>头文件</Filter>
    </ClInclude>
    <ClInclude Include="SuperGM.h">
      <Filter>头文件</Filter>
    </ClInclude>
    <ClInclude Include="SuperSettingDlg.h">
      <Filter>头文件</Filter>
    </ClInclude>
    <ClInclude Include="..\GameMessage\UpGradeLogic.h">
      <Filter>头文件</Filter>
    </ClInclude>
    <ClInclude Include="..\GameMessage\UpgradeMessage.h">
      <Filter>头文件</Filter>
    </ClInclude>
    <ClInclude Include="Playcardsound.h">
      <Filter>不常用</Filter>
    </ClInclude>
    <ClInclude Include="TransparentButton.h">
      <Filter>不常用</Filter>
    </ClInclude>
    <ClInclude Include="TransparentStatic.h">
      <Filter>不常用</Filter>
    </ClInclude>
  </ItemGroup>
  <ItemGroup>
    <ResourceCompile Include="GameClient.rc">
      <Filter>资源文件</Filter>
    </ResourceCompile>
  </ItemGroup>
</Project>