Microsoft Visual Studio Solution File, Format Version 8.00
Project("{8BC9CEB8-8B4A-11D0-8D11-00A0C91BC942}") = "guichan", "guichan.vcproj", "{BEF2C3C0-3B6E-4B3F-BDD6-12B1529FBECF}"
	ProjectSection(ProjectDependencies) = postProject
	EndProjectSection
EndProject
Global
	GlobalSection(SolutionConfiguration) = preSolution
		Debug = Debug
		Release = Release
	EndGlobalSection
	GlobalSection(ProjectConfiguration) = postSolution
		{BEF2C3C0-3B6E-4B3F-BDD6-12B1529FBECF}.Debug.ActiveCfg = Debug|Win32
		{BEF2C3C0-3B6E-4B3F-BDD6-12B1529FBECF}.Debug.Build.0 = Debug|Win32
		{BEF2C3C0-3B6E-4B3F-BDD6-12B1529FBECF}.Release.ActiveCfg = Release|Win32
		{BEF2C3C0-3B6E-4B3F-BDD6-12B1529FBECF}.Release.Build.0 = Release|Win32
	EndGlobalSection
	GlobalSection(ExtensibilityGlobals) = postSolution
	EndGlobalSection
	GlobalSection(ExtensibilityAddIns) = postSolution
	EndGlobalSection
EndGlobal
