<?xml version="1.0" encoding="utf-8"?>
<Project ToolsVersion="4.0" xmlns="http://schemas.microsoft.com/developer/msbuild/2003">
  <ItemGroup>
    <Filter Include="源文件">
      <UniqueIdentifier>{4FC737F1-C7A5-4376-A066-2A32D752A2FF}</UniqueIdentifier>
      <Extensions>cpp;c;cxx;def;odl;idl;hpj;bat;asm;asmx</Extensions>
    </Filter>
    <Filter Include="头文件">
      <UniqueIdentifier>{93995380-89BD-4b04-88EB-625FBE52EBFB}</UniqueIdentifier>
      <Extensions>h;hpp;hxx;hm;inl;inc;xsd</Extensions>
    </Filter>
    <Filter Include="资源文件">
      <UniqueIdentifier>{67DA6AB6-F800-4c08-8B7A-83BB121AAD01}</UniqueIdentifier>
      <Extensions>rc;ico;cur;bmp;dlg;rc2;rct;bin;rgs;gif;jpg;jpeg;jpe;resx</Extensions>
    </Filter>
    <Filter Include="Fish">
      <UniqueIdentifier>{e25924d6-dffc-4561-bc2b-24b8772e2a8e}</UniqueIdentifier>
    </Filter>
    <Filter Include="Fish\头文件">
      <UniqueIdentifier>{e5f24c2b-6042-428c-abc4-90658ed7d6ae}</UniqueIdentifier>
    </Filter>
    <Filter Include="Fish\源文件">
      <UniqueIdentifier>{a116e774-c9af-4433-b308-796f98006d98}</UniqueIdentifier>
    </Filter>
  </ItemGroup>
  <ItemGroup>
    <ClCompile Include="GameClient.cpp">
      <Filter>源文件</Filter>
    </ClCompile>
    <ClCompile Include="NewGameClient.cpp">
      <Filter>源文件</Filter>
    </ClCompile>
    <ClCompile Include="stdafx.cpp">
      <Filter>源文件</Filter>
    </ClCompile>
    <ClCompile Include="Fish\GameScreenWnd.cpp">
      <Filter>Fish\源文件</Filter>
    </ClCompile>
    <ClCompile Include="Fish\ConfigWnd.cpp">
      <Filter>Fish\源文件</Filter>
    </ClCompile>
    <ClCompile Include="Fish\BassMusicManager.cpp">
      <Filter>Fish\源文件</Filter>
    </ClCompile>
  </ItemGroup>
  <ItemGroup>
    <None Include="GameClient.def">
      <Filter>源文件</Filter>
    </None>
    <None Include="RES\CLIENT_LIST.ico">
      <Filter>资源文件</Filter>
    </None>
    <None Include="RES\CLIENT_ROOM.ico">
      <Filter>资源文件</Filter>
    </None>
    <None Include="ReadMe.txt" />
    <None Include="RES\cursor1.cur">
      <Filter>资源文件</Filter>
    </None>
    <None Include="RES\cursor2.cur">
      <Filter>资源文件</Filter>
    </None>
    <None Include="RES\cursor3.cur">
      <Filter>资源文件</Filter>
    </None>
    <None Include="POINTER_COPY.cur">
      <Filter>资源文件</Filter>
    </None>
    <None Include="Fish\res\cursor2.cur">
      <Filter>资源文件</Filter>
    </None>
  </ItemGroup>
  <ItemGroup>
    <ClInclude Include="define.h">
      <Filter>头文件</Filter>
    </ClInclude>
    <ClInclude Include="NewGameClient.h">
      <Filter>头文件</Filter>
    </ClInclude>
    <ClInclude Include="stdafx.h">
      <Filter>头文件</Filter>
    </ClInclude>
    <ClInclude Include="..\GameMessage\upgrademessage.h">
      <Filter>头文件</Filter>
    </ClInclude>
    <ClInclude Include="Fish\GameScreenWnd.h">
      <Filter>Fish\头文件</Filter>
    </ClInclude>
    <ClInclude Include="Fish\ConfigWnd.h">
      <Filter>Fish\头文件</Filter>
    </ClInclude>
    <ClInclude Include="Fish\BassMusicManager.h">
      <Filter>Fish\头文件</Filter>
    </ClInclude>
    <ClInclude Include="resource.h">
      <Filter>头文件</Filter>
    </ClInclude>
    <ClInclude Include="Fish\GameStruct.h">
      <Filter>Fish\头文件</Filter>
    </ClInclude>
    <ClInclude Include="Fish\Array.h">
      <Filter>Fish\头文件</Filter>
    </ClInclude>
    <ClInclude Include="Fish\Factory.h">
      <Filter>Fish\头文件</Filter>
    </ClInclude>
  </ItemGroup>
  <ItemGroup>
    <ResourceCompile Include="GameClient.rc">
      <Filter>资源文件</Filter>
    </ResourceCompile>
  </ItemGroup>
  <ItemGroup>
    <Manifest Include="RES\UpGrade.manifest" />
  </ItemGroup>
</Project>