
Microsoft Visual Studio Solution File, Format Version 9.00
# Visual Studio 2005
Project("{8BC9CEB8-8B4A-11D0-8D11-00A0C91BC942}") = "Client", "Client\client.vcproj", "{6D9B6CB5-6074-446F-BFF3-D78E73E29EB3}"
EndProject
Project("{8BC9CEB8-8B4A-11D0-8D11-00A0C91BC942}") = "Server", "Server\Server.vcproj", "{717C3AF7-904E-4A54-855A-98C4EB683FFA}"
EndProject
Global
	GlobalSection(SolutionConfigurationPlatforms) = preSolution
		Debug|Win32 = Debug|Win32
		Release|Win32 = Release|Win32
		SendCard|Win32 = SendCard|Win32
	EndGlobalSection
	GlobalSection(ProjectConfigurationPlatforms) = postSolution
		{6D9B6CB5-6074-446F-BFF3-D78E73E29EB3}.Debug|Win32.ActiveCfg = Debug|Win32
		{6D9B6CB5-6074-446F-BFF3-D78E73E29EB3}.Debug|Win32.Build.0 = Debug|Win32
		{6D9B6CB5-6074-446F-BFF3-D78E73E29EB3}.Release|Win32.ActiveCfg = Release|Win32
		{6D9B6CB5-6074-446F-BFF3-D78E73E29EB3}.Release|Win32.Build.0 = Release|Win32
		{6D9B6CB5-6074-446F-BFF3-D78E73E29EB3}.SendCard|Win32.ActiveCfg = SendCard|Win32
		{6D9B6CB5-6074-446F-BFF3-D78E73E29EB3}.SendCard|Win32.Build.0 = SendCard|Win32
		{717C3AF7-904E-4A54-855A-98C4EB683FFA}.Debug|Win32.ActiveCfg = Debug|Win32
		{717C3AF7-904E-4A54-855A-98C4EB683FFA}.Debug|Win32.Build.0 = Debug|Win32
		{717C3AF7-904E-4A54-855A-98C4EB683FFA}.Release|Win32.ActiveCfg = Release|Win32
		{717C3AF7-904E-4A54-855A-98C4EB683FFA}.Release|Win32.Build.0 = Release|Win32
		{717C3AF7-904E-4A54-855A-98C4EB683FFA}.SendCard|Win32.ActiveCfg = SendCard|Win32
		{717C3AF7-904E-4A54-855A-98C4EB683FFA}.SendCard|Win32.Build.0 = SendCard|Win32
	EndGlobalSection
	GlobalSection(SolutionProperties) = preSolution
		HideSolutionNode = FALSE
	EndGlobalSection
EndGlobal
