<?xml version="1.0" encoding="utf-8"?>
<Project ToolsVersion="4.0" xmlns="http://schemas.microsoft.com/developer/msbuild/2003">
  <ItemGroup>
    <Filter Include="源文件">
      <UniqueIdentifier>{4FC737F1-C7A5-4376-A066-2A32D752A2FF}</UniqueIdentifier>
      <Extensions>cpp;c;cxx;def;odl;idl;hpj;bat;asm;asmx</Extensions>
    </Filter>
    <Filter Include="头文件">
      <UniqueIdentifier>{93995380-89BD-4b04-88EB-625FBE52EBFB}</UniqueIdentifier>
      <Extensions>h;hpp;hxx;hm;inl;inc;xsd</Extensions>
    </Filter>
    <Filter Include="不常用">
      <UniqueIdentifier>{0db16b94-2fce-4925-863e-1ed1f6009e85}</UniqueIdentifier>
    </Filter>
  </ItemGroup>
  <ItemGroup>
    <ClCompile Include="AdmitDefeat.cpp">
      <Filter>源文件</Filter>
    </ClCompile>
    <ClCompile Include="ChessManual.cpp">
      <Filter>源文件</Filter>
    </ClCompile>
    <ClCompile Include="ClientGameDlg.cpp">
      <Filter>源文件</Filter>
    </ClCompile>
    <ClCompile Include="ClientView.cpp">
      <Filter>源文件</Filter>
    </ClCompile>
    <ClCompile Include="GameCard.cpp">
      <Filter>源文件</Filter>
    </ClCompile>
    <ClCompile Include="GameClient.cpp">
      <Filter>源文件</Filter>
    </ClCompile>
    <ClCompile Include="GameFinishDlg.cpp">
      <Filter>源文件</Filter>
    </ClCompile>
    <ClCompile Include="RegretChess.cpp">
      <Filter>源文件</Filter>
    </ClCompile>
    <ClCompile Include="stdafx.cpp">
      <Filter>源文件</Filter>
    </ClCompile>
    <ClCompile Include="TransparentStatic.cpp">
      <Filter>源文件</Filter>
    </ClCompile>
    <ClCompile Include="BackCardDlg.cpp">
      <Filter>不常用</Filter>
    </ClCompile>
    <ClCompile Include="brgamevideoclient.cpp">
      <Filter>不常用</Filter>
    </ClCompile>
    <ClCompile Include="BRGameVideoSDK.cpp">
      <Filter>不常用</Filter>
    </ClCompile>
    <ClCompile Include="GameDaoShiDlg.cpp">
      <Filter>不常用</Filter>
    </ClCompile>
    <ClCompile Include="GameInfoDlg.cpp">
      <Filter>不常用</Filter>
    </ClCompile>
    <ClCompile Include="GameNoteWnd.cpp">
      <Filter>不常用</Filter>
    </ClCompile>
    <ClCompile Include="GameSet.cpp">
      <Filter>不常用</Filter>
    </ClCompile>
    <ClCompile Include="HaveThing.cpp">
      <Filter>不常用</Filter>
    </ClCompile>
    <ClCompile Include="LeaveMessage.cpp">
      <Filter>不常用</Filter>
    </ClCompile>
    <ClCompile Include="NtList.cpp">
      <Filter>不常用</Filter>
    </ClCompile>
    <ClCompile Include="PlaySetDlg.cpp">
      <Filter>不常用</Filter>
    </ClCompile>
    <ClCompile Include="StationView.cpp">
      <Filter>不常用</Filter>
    </ClCompile>
    <ClCompile Include="Stop.cpp">
      <Filter>不常用</Filter>
    </ClCompile>
    <ClCompile Include="StopMessage.cpp">
      <Filter>不常用</Filter>
    </ClCompile>
    <ClCompile Include="UpGradeLogic.cpp">
      <Filter>不常用</Filter>
    </ClCompile>
  </ItemGroup>
  <ItemGroup>
    <None Include="GameClient.def">
      <Filter>源文件</Filter>
    </None>
    <None Include="res\BeginGame.bin" />
    <None Include="res\CLIENT_LIST.ico" />
    <None Include="res\CLIENT_ROOM.ico" />
    <None Include="res\cursor1.cur" />
    <None Include="res\desk.bmp" />
    <None Include="res\GameOver.bin" />
    <None Include="res\NTCard.bin" />
    <None Include="res\OutCard.bin" />
    <None Include="res\playing.bmp" />
    <None Include="ReadMe.txt" />
    <None Include="res\Warning.bin" />
  </ItemGroup>
  <ItemGroup>
    <ResourceCompile Include="GameClient.rc">
      <Filter>源文件</Filter>
    </ResourceCompile>
  </ItemGroup>
  <ItemGroup>
    <ClInclude Include="AdmitDefeat.h">
      <Filter>头文件</Filter>
    </ClInclude>
    <ClInclude Include="ChessManual.h">
      <Filter>头文件</Filter>
    </ClInclude>
    <ClInclude Include="ClientGameDlg.h">
      <Filter>头文件</Filter>
    </ClInclude>
    <ClInclude Include="ClientView.h">
      <Filter>头文件</Filter>
    </ClInclude>
    <ClInclude Include="GameCard.h">
      <Filter>头文件</Filter>
    </ClInclude>
    <ClInclude Include="GameFinishDlg.h">
      <Filter>头文件</Filter>
    </ClInclude>
    <ClInclude Include="RegretChess.h">
      <Filter>头文件</Filter>
    </ClInclude>
    <ClInclude Include="Resource.h">
      <Filter>头文件</Filter>
    </ClInclude>
    <ClInclude Include="stdafx.h">
      <Filter>头文件</Filter>
    </ClInclude>
    <ClInclude Include="brgamevideoclient.h">
      <Filter>不常用</Filter>
    </ClInclude>
    <ClInclude Include="BRGameVideoSDK.h">
      <Filter>不常用</Filter>
    </ClInclude>
    <ClInclude Include="GameDaoShiDlg.h">
      <Filter>不常用</Filter>
    </ClInclude>
    <ClInclude Include="gameinfodlg.h">
      <Filter>不常用</Filter>
    </ClInclude>
    <ClInclude Include="GameNoteWnd.h">
      <Filter>不常用</Filter>
    </ClInclude>
    <ClInclude Include="GameSet.H">
      <Filter>不常用</Filter>
    </ClInclude>
    <ClInclude Include="playsetdlg.h">
      <Filter>不常用</Filter>
    </ClInclude>
    <ClInclude Include="StationView.h">
      <Filter>不常用</Filter>
    </ClInclude>
    <ClInclude Include="UpGradeLogic.h">
      <Filter>不常用</Filter>
    </ClInclude>
  </ItemGroup>
  <ItemGroup>
    <CustomBuildStep Include="res\UpGrade.manifest" />
  </ItemGroup>
</Project>