
Microsoft Visual Studio Solution File, Format Version 11.00
# Visual Studio 2010
Project("{8BC9CEB8-8B4A-11D0-8D11-00A0C91BC942}") = "BzSms", "BzSms\BzSms.vcxproj", "{B11BC319-08A4-4F7E-A1FC-880EE6488451}"
EndProject
Project("{8BC9CEB8-8B4A-11D0-8D11-00A0C91BC942}") = "SmsTest", "SmsTest\SmsTest.vcxproj", "{BFA0BE35-7788-4E75-B75D-F35CB6F1567E}"
EndProject
Global
	GlobalSection(SolutionConfigurationPlatforms) = preSolution
		Debug|Win32 = Debug|Win32
		Release|Win32 = Release|Win32
	EndGlobalSection
	GlobalSection(ProjectConfigurationPlatforms) = postSolution
		{B11BC319-08A4-4F7E-A1FC-880EE6488451}.Debug|Win32.ActiveCfg = Debug|Win32
		{B11BC319-08A4-4F7E-A1FC-880EE6488451}.Debug|Win32.Build.0 = Debug|Win32
		{B11BC319-08A4-4F7E-A1FC-880EE6488451}.Release|Win32.ActiveCfg = Release|Win32
		{B11BC319-08A4-4F7E-A1FC-880EE6488451}.Release|Win32.Build.0 = Release|Win32
		{BFA0BE35-7788-4E75-B75D-F35CB6F1567E}.Debug|Win32.ActiveCfg = Debug|Win32
		{BFA0BE35-7788-4E75-B75D-F35CB6F1567E}.Debug|Win32.Build.0 = Debug|Win32
		{BFA0BE35-7788-4E75-B75D-F35CB6F1567E}.Release|Win32.ActiveCfg = Release|Win32
		{BFA0BE35-7788-4E75-B75D-F35CB6F1567E}.Release|Win32.Build.0 = Release|Win32
	EndGlobalSection
	GlobalSection(SolutionProperties) = preSolution
		HideSolutionNode = FALSE
	EndGlobalSection
EndGlobal
