
Microsoft Visual Studio Solution File, Format Version 11.00
# Visual Studio 2010
Project("{8BC9CEB8-8B4A-11D0-8D11-00A0C91BC942}") = "Auto_AI", "Auto_AI.vcxproj", "{885463A5-B88F-4221-A3D3-2C12A6935757}"
EndProject
Global
	GlobalSection(SolutionConfigurationPlatforms) = preSolution
		10100003_hlddz|Win32 = 10100003_hlddz|Win32
		10100008_DKSSPK|Win32 = 10100008_DKSSPK|Win32
		10100204_MG|Win32 = 10100204_MG|Win32
		10100403_510k|Win32 = 10100403_510k|Win32
		10200102_hpsk|Win32 = 10200102_hpsk|Win32
		10200304_GD|Win32 = 10200304_GD|Win32
		10200404_SJ|Win32 = 10200404_SJ|Win32
		10301800_BJL|Win32 = 10301800_BJL|Win32
		11100116_BJL(16R)|Win32 = 11100116_BJL(16R)|Win32
		11100200_BJL|Win32 = 11100200_BJL|Win32
		11100300_LHD|Win32 = 11100300_LHD|Win32
		11100416_BBNN(16R)|Win32 = 11100416_BBNN(16R)|Win32
		11100500_BBNN|Win32 = 11100500_BBNN|Win32
		11100600_BRXJ|Win32 = 11100600_BRXJ|Win32
		11100816_BBEZ(16R)|Win32 = 11100816_BBEZ(16R)|Win32
		11100900_BBEZ|Win32 = 11100900_BBEZ|Win32
		11100916_HH|Win32 = 11100916_HH|Win32
		12100004_SSZ|Win32 = 12100004_SSZ|Win32
		12100005_10DB|Win32 = 12100005_10DB|Win32
		12100006|Win32 = 12100006|Win32
		12100106_ZJH|Win32 = 12100106_ZJH|Win32
		12100202_SH(2R)|Win32 = 12100202_SH(2R)|Win32
		12100304_SH|Win32 = 12100304_SH|Win32
		12100305_5RSH|Win32 = 12100305_5RSH|Win32
		12100404_21D|Win32 = 12100404_21D|Win32
		12100502_NN(2R)|Win32 = 12100502_NN(2R)|Win32
		12100604_NN|Win32 = 12100604_NN|Win32
		12100706_TBNN|Win32 = 12100706_TBNN|Win32
		12100804_4RSG|Win32 = 12100804_4RSG|Win32
		12100906_6RSG|Win32 = 12100906_6RSG|Win32
		12110906_TBSG|Win32 = 12110906_TBSG|Win32
		20100004_DZMJ|Win32 = 20100004_DZMJ|Win32
		20100402_WZ2MJ|Win32 = 20100402_WZ2MJ|Win32
		21100200_28G|Win32 = 21100200_28G|Win32
		31000000_PPC|Win32 = 31000000_PPC|Win32
		31000100_HHSW|Win32 = 31000100_HHSW|Win32
		33000006_JCBY|Win32 = 33000006_JCBY|Win32
		33000106_DSNH|Win32 = 33000106_DSNH|Win32
		33000206_DNTG|Win32 = 33000206_DNTG|Win32
		33000308_LKPY|Win32 = 33000308_LKPY|Win32
		占位机器人|Win32 = 占位机器人|Win32
	EndGlobalSection
	GlobalSection(ProjectConfigurationPlatforms) = postSolution
		{885463A5-B88F-4221-A3D3-2C12A6935757}.10100003_hlddz|Win32.ActiveCfg = 10100003_hlddz|Win32
		{885463A5-B88F-4221-A3D3-2C12A6935757}.10100003_hlddz|Win32.Build.0 = 10100003_hlddz|Win32
		{885463A5-B88F-4221-A3D3-2C12A6935757}.10100008_DKSSPK|Win32.ActiveCfg = 10100008_DKSSPK|Win32
		{885463A5-B88F-4221-A3D3-2C12A6935757}.10100008_DKSSPK|Win32.Build.0 = 10100008_DKSSPK|Win32
		{885463A5-B88F-4221-A3D3-2C12A6935757}.10100204_MG|Win32.ActiveCfg = 10100204_MG|Win32
		{885463A5-B88F-4221-A3D3-2C12A6935757}.10100204_MG|Win32.Build.0 = 10100204_MG|Win32
		{885463A5-B88F-4221-A3D3-2C12A6935757}.10100403_510k|Win32.ActiveCfg = 10100403_510k|Win32
		{885463A5-B88F-4221-A3D3-2C12A6935757}.10100403_510k|Win32.Build.0 = 10100403_510k|Win32
		{885463A5-B88F-4221-A3D3-2C12A6935757}.10200102_hpsk|Win32.ActiveCfg = 10200102_hpsk|Win32
		{885463A5-B88F-4221-A3D3-2C12A6935757}.10200102_hpsk|Win32.Build.0 = 10200102_hpsk|Win32
		{885463A5-B88F-4221-A3D3-2C12A6935757}.10200304_GD|Win32.ActiveCfg = 10200304_GD|Win32
		{885463A5-B88F-4221-A3D3-2C12A6935757}.10200304_GD|Win32.Build.0 = 10200304_GD|Win32
		{885463A5-B88F-4221-A3D3-2C12A6935757}.10200404_SJ|Win32.ActiveCfg = 10200404_SJ|Win32
		{885463A5-B88F-4221-A3D3-2C12A6935757}.10200404_SJ|Win32.Build.0 = 10200404_SJ|Win32
		{885463A5-B88F-4221-A3D3-2C12A6935757}.10301800_BJL|Win32.ActiveCfg = 10301800_BJL|Win32
		{885463A5-B88F-4221-A3D3-2C12A6935757}.10301800_BJL|Win32.Build.0 = 10301800_BJL|Win32
		{885463A5-B88F-4221-A3D3-2C12A6935757}.11100116_BJL(16R)|Win32.ActiveCfg = 11100116_BJL(16R)|Win32
		{885463A5-B88F-4221-A3D3-2C12A6935757}.11100116_BJL(16R)|Win32.Build.0 = 11100116_BJL(16R)|Win32
		{885463A5-B88F-4221-A3D3-2C12A6935757}.11100200_BJL|Win32.ActiveCfg = 11100200_BJL|Win32
		{885463A5-B88F-4221-A3D3-2C12A6935757}.11100200_BJL|Win32.Build.0 = 11100200_BJL|Win32
		{885463A5-B88F-4221-A3D3-2C12A6935757}.11100300_LHD|Win32.ActiveCfg = 11100300_LHD|Win32
		{885463A5-B88F-4221-A3D3-2C12A6935757}.11100300_LHD|Win32.Build.0 = 11100300_LHD|Win32
		{885463A5-B88F-4221-A3D3-2C12A6935757}.11100416_BBNN(16R)|Win32.ActiveCfg = 11100416_BBNN(16R)|Win32
		{885463A5-B88F-4221-A3D3-2C12A6935757}.11100416_BBNN(16R)|Win32.Build.0 = 11100416_BBNN(16R)|Win32
		{885463A5-B88F-4221-A3D3-2C12A6935757}.11100500_BBNN|Win32.ActiveCfg = 11100500_BBNN|Win32
		{885463A5-B88F-4221-A3D3-2C12A6935757}.11100500_BBNN|Win32.Build.0 = 11100500_BBNN|Win32
		{885463A5-B88F-4221-A3D3-2C12A6935757}.11100600_BRXJ|Win32.ActiveCfg = 11100600_BRXJ|Win32
		{885463A5-B88F-4221-A3D3-2C12A6935757}.11100600_BRXJ|Win32.Build.0 = 11100600_BRXJ|Win32
		{885463A5-B88F-4221-A3D3-2C12A6935757}.11100816_BBEZ(16R)|Win32.ActiveCfg = 11100816_BBEZ(16R)|Win32
		{885463A5-B88F-4221-A3D3-2C12A6935757}.11100816_BBEZ(16R)|Win32.Build.0 = 11100816_BBEZ(16R)|Win32
		{885463A5-B88F-4221-A3D3-2C12A6935757}.11100900_BBEZ|Win32.ActiveCfg = 11100900_BBEZ|Win32
		{885463A5-B88F-4221-A3D3-2C12A6935757}.11100900_BBEZ|Win32.Build.0 = 11100900_BBEZ|Win32
		{885463A5-B88F-4221-A3D3-2C12A6935757}.11100916_HH|Win32.ActiveCfg = 11100916_HH|Win32
		{885463A5-B88F-4221-A3D3-2C12A6935757}.11100916_HH|Win32.Build.0 = 11100916_HH|Win32
		{885463A5-B88F-4221-A3D3-2C12A6935757}.12100004_SSZ|Win32.ActiveCfg = 12100004_SSZ|Win32
		{885463A5-B88F-4221-A3D3-2C12A6935757}.12100004_SSZ|Win32.Build.0 = 12100004_SSZ|Win32
		{885463A5-B88F-4221-A3D3-2C12A6935757}.12100005_10DB|Win32.ActiveCfg = 12100005_10DB|Win32
		{885463A5-B88F-4221-A3D3-2C12A6935757}.12100005_10DB|Win32.Build.0 = 12100005_10DB|Win32
		{885463A5-B88F-4221-A3D3-2C12A6935757}.12100006|Win32.ActiveCfg = 12100005_10DB|Win32
		{885463A5-B88F-4221-A3D3-2C12A6935757}.12100006|Win32.Build.0 = 12100005_10DB|Win32
		{885463A5-B88F-4221-A3D3-2C12A6935757}.12100106_ZJH|Win32.ActiveCfg = 12100106_ZJH|Win32
		{885463A5-B88F-4221-A3D3-2C12A6935757}.12100106_ZJH|Win32.Build.0 = 12100106_ZJH|Win32
		{885463A5-B88F-4221-A3D3-2C12A6935757}.12100202_SH(2R)|Win32.ActiveCfg = 12100202_SH(2R)|Win32
		{885463A5-B88F-4221-A3D3-2C12A6935757}.12100202_SH(2R)|Win32.Build.0 = 12100202_SH(2R)|Win32
		{885463A5-B88F-4221-A3D3-2C12A6935757}.12100304_SH|Win32.ActiveCfg = 12100304_SH|Win32
		{885463A5-B88F-4221-A3D3-2C12A6935757}.12100304_SH|Win32.Build.0 = 12100304_SH|Win32
		{885463A5-B88F-4221-A3D3-2C12A6935757}.12100305_5RSH|Win32.ActiveCfg = 12100305_5RSH|Win32
		{885463A5-B88F-4221-A3D3-2C12A6935757}.12100305_5RSH|Win32.Build.0 = 12100305_5RSH|Win32
		{885463A5-B88F-4221-A3D3-2C12A6935757}.12100404_21D|Win32.ActiveCfg = 12100404_21D|Win32
		{885463A5-B88F-4221-A3D3-2C12A6935757}.12100404_21D|Win32.Build.0 = 12100404_21D|Win32
		{885463A5-B88F-4221-A3D3-2C12A6935757}.12100502_NN(2R)|Win32.ActiveCfg = 12100502_NN(2R)|Win32
		{885463A5-B88F-4221-A3D3-2C12A6935757}.12100502_NN(2R)|Win32.Build.0 = 12100502_NN(2R)|Win32
		{885463A5-B88F-4221-A3D3-2C12A6935757}.12100604_NN|Win32.ActiveCfg = 12100604_NN|Win32
		{885463A5-B88F-4221-A3D3-2C12A6935757}.12100604_NN|Win32.Build.0 = 12100604_NN|Win32
		{885463A5-B88F-4221-A3D3-2C12A6935757}.12100706_TBNN|Win32.ActiveCfg = 12100706_TBNN|Win32
		{885463A5-B88F-4221-A3D3-2C12A6935757}.12100706_TBNN|Win32.Build.0 = 12100706_TBNN|Win32
		{885463A5-B88F-4221-A3D3-2C12A6935757}.12100804_4RSG|Win32.ActiveCfg = 12100804_4RSG|Win32
		{885463A5-B88F-4221-A3D3-2C12A6935757}.12100804_4RSG|Win32.Build.0 = 12100804_4RSG|Win32
		{885463A5-B88F-4221-A3D3-2C12A6935757}.12100906_6RSG|Win32.ActiveCfg = 12100906_6RSG|Win32
		{885463A5-B88F-4221-A3D3-2C12A6935757}.12100906_6RSG|Win32.Build.0 = 12100906_6RSG|Win32
		{885463A5-B88F-4221-A3D3-2C12A6935757}.12110906_TBSG|Win32.ActiveCfg = 12110906_TBSG|Win32
		{885463A5-B88F-4221-A3D3-2C12A6935757}.12110906_TBSG|Win32.Build.0 = 12110906_TBSG|Win32
		{885463A5-B88F-4221-A3D3-2C12A6935757}.20100004_DZMJ|Win32.ActiveCfg = 20100004_DZMJ|Win32
		{885463A5-B88F-4221-A3D3-2C12A6935757}.20100004_DZMJ|Win32.Build.0 = 20100004_DZMJ|Win32
		{885463A5-B88F-4221-A3D3-2C12A6935757}.20100402_WZ2MJ|Win32.ActiveCfg = 20100402_WZ2MJ|Win32
		{885463A5-B88F-4221-A3D3-2C12A6935757}.20100402_WZ2MJ|Win32.Build.0 = 20100402_WZ2MJ|Win32
		{885463A5-B88F-4221-A3D3-2C12A6935757}.21100200_28G|Win32.ActiveCfg = 21100200_28G|Win32
		{885463A5-B88F-4221-A3D3-2C12A6935757}.21100200_28G|Win32.Build.0 = 21100200_28G|Win32
		{885463A5-B88F-4221-A3D3-2C12A6935757}.31000000_PPC|Win32.ActiveCfg = 31000000_PPC|Win32
		{885463A5-B88F-4221-A3D3-2C12A6935757}.31000000_PPC|Win32.Build.0 = 31000000_PPC|Win32
		{885463A5-B88F-4221-A3D3-2C12A6935757}.31000100_HHSW|Win32.ActiveCfg = 31000100_HHSW|Win32
		{885463A5-B88F-4221-A3D3-2C12A6935757}.31000100_HHSW|Win32.Build.0 = 31000100_HHSW|Win32
		{885463A5-B88F-4221-A3D3-2C12A6935757}.33000006_JCBY|Win32.ActiveCfg = 33000006_JCBY|Win32
		{885463A5-B88F-4221-A3D3-2C12A6935757}.33000006_JCBY|Win32.Build.0 = 33000006_JCBY|Win32
		{885463A5-B88F-4221-A3D3-2C12A6935757}.33000106_DSNH|Win32.ActiveCfg = 33000106_DSNH|Win32
		{885463A5-B88F-4221-A3D3-2C12A6935757}.33000106_DSNH|Win32.Build.0 = 33000106_DSNH|Win32
		{885463A5-B88F-4221-A3D3-2C12A6935757}.33000206_DNTG|Win32.ActiveCfg = 33000206_DNTG|Win32
		{885463A5-B88F-4221-A3D3-2C12A6935757}.33000206_DNTG|Win32.Build.0 = 33000206_DNTG|Win32
		{885463A5-B88F-4221-A3D3-2C12A6935757}.33000308_LKPY|Win32.ActiveCfg = 33000308_LKPY|Win32
		{885463A5-B88F-4221-A3D3-2C12A6935757}.33000308_LKPY|Win32.Build.0 = 33000308_LKPY|Win32
		{885463A5-B88F-4221-A3D3-2C12A6935757}.占位机器人|Win32.ActiveCfg = 占位机器人|Win32
		{885463A5-B88F-4221-A3D3-2C12A6935757}.占位机器人|Win32.Build.0 = 占位机器人|Win32
	EndGlobalSection
	GlobalSection(SolutionProperties) = preSolution
		HideSolutionNode = FALSE
	EndGlobalSection
EndGlobal
